Microsoft Visual Studio Solution File, Format Version 12.00
# Visual Studio 2013
VisualStudioVersion = 12.0.31101.0
MinimumVisualStudioVersion = 10.0.40219.1
Project("{FAE04EC0-301F-11D3-BF4B-00C04F79EFBC}") = "Infrastructure", "Infrastructure\Infrastructure.csproj", "{4495A587-0D89-4382-9CB7-01F0592C9657}"
EndProject
Project("{FAE04EC0-301F-11D3-BF4B-00C04F79EFBC}") = "DataAccess", "DataAccess\DataAccess.csproj", "{74232002-8D94-4EC4-AD75-84A5B8154345}"
EndProject
Project("{FAE04EC0-301F-11D3-BF4B-00C04F79EFBC}") = "Data", "Data\Data.csproj", "{E5B1DB54-756C-4CD4-A0B0-AF69CF6733AC}"
EndProject
Project("{FAE04EC0-301F-11D3-BF4B-00C04F79EFBC}") = "DACService", "DACService\DACService.csproj", "{060C5CC0-B235-4354-B605-1E14E4CD98F5}"
EndProject
Project("{2150E333-8FDC-42A3-9474-1A3956D46DE8}") = "MessageQueue", "MessageQueue", "{02A0775F-7A10-4E41-89B4-4CB437EE44B5}"
EndProject
Project("{2150E333-8FDC-42A3-9474-1A3956D46DE8}") = "Cache", "Cache", "{800C5C1E-AED4-4756-8237-CB54221F6B63}"
EndProject
Project("{2150E333-8FDC-42A3-9474-1A3956D46DE8}") = "Logs", "Logs", "{C4758B3A-0BBE-4B80-9990-CFCA3127B5ED}"
EndProject
Project("{FAE04EC0-301F-11D3-BF4B-00C04F79EFBC}") = "LogService", "LogService\LogService.csproj", "{C44E4B43-FBF3-44D0-AE34-6AFD23874499}"
EndProject
Project("{FAE04EC0-301F-11D3-BF4B-00C04F79EFBC}") = "MQCore", "MessageQueue\MQCore\MQCore.csproj", "{8EE470DD-5DC8-470F-A336-85F9855E2434}"
EndProject
Project("{FAE04EC0-301F-11D3-BF4B-00C04F79EFBC}") = "MQService", "MessageQueue\MQService\MQService.csproj", "{B58FB7BD-0F2A-4C4D-AE91-FEEFBD970C1B}"
EndProject
Project("{2150E333-8FDC-42A3-9474-1A3956D46DE8}") = "Updates", "Updates", "{7B9471C6-F71A-4FF9-A7E0-57CF83A504AF}"
	ProjectSection(SolutionItems) = preProject
		Update.sql = Update.sql
	EndProjectSection
EndProject
Project("{FAE04EC0-301F-11D3-BF4B-00C04F79EFBC}") = "LogLib", "LogLib\LogLib.csproj", "{10A10EA0-A36C-4391-A0F1-D6FE30BDA6B7}"
EndProject
Project("{FAE04EC0-301F-11D3-BF4B-00C04F79EFBC}") = "CacheService", "CacheService\CacheService.csproj", "{1D52FAD8-C7AB-4AA7-A34A-2D27B1BB61FF}"
EndProject
Project("{FAE04EC0-301F-11D3-BF4B-00C04F79EFBC}") = "Sequences", "Sequences\Sequences.csproj", "{8CE9183C-AD8A-48B5-9151-1BD665CFC06F}"
EndProject
Project("{FAE04EC0-301F-11D3-BF4B-00C04F79EFBC}") = "Cache", "Cache\Cache.csproj", "{CF329584-9B32-4B29-A1B8-50005E78A532}"
EndProject
Project("{FAE04EC0-301F-11D3-BF4B-00C04F79EFBC}") = "FileAccess", "FileAccess\FileAccess.csproj", "{AF9196A6-EB6C-401F-AB09-7940F77B69B8}"
EndProject
Project("{FAE04EC0-301F-11D3-BF4B-00C04F79EFBC}") = "Samples", "Samples\Samples.csproj", "{C3B2B4F5-D7CF-4B66-A094-2F8DB20277AB}"
EndProject
Project("{2150E333-8FDC-42A3-9474-1A3956D46DE8}") = "SocketServices", "SocketServices", "{0827F7D4-9DDE-4BBE-B4CB-19EBA35A3046}"
EndProject
Project("{FAE04EC0-301F-11D3-BF4B-00C04F79EFBC}") = "PersistentSocketAsyncServer", "SocketServices\PersistentSocketAsyncServer\PersistentSocketAsyncServer.csproj", "{283C78F8-2861-4C40-96E0-3B7D4A8082F0}"
EndProject
Project("{FAE04EC0-301F-11D3-BF4B-00C04F79EFBC}") = "SocketAsyncServer", "SocketServices\SocketAsyncServer\SocketAsyncServer.csproj", "{5FFE844E-4674-4A69-9F18-2122C5C27BC8}"
EndProject
Project("{2150E333-8FDC-42A3-9474-1A3956D46DE8}") = "Libs", "Libs", "{82C9675D-A0FE-4DB3-8E45-3494CCC87720}"
	ProjectSection(SolutionItems) = preProject
		Libs\EmitMapper.dll = Libs\EmitMapper.dll
		Libs\Newtonsoft.Json.dll = Libs\Newtonsoft.Json.dll
	EndProjectSection
EndProject
Project("{FAE04EC0-301F-11D3-BF4B-00C04F79EFBC}") = "DovaHandlers", "DovaHandlers\DovaHandlers.csproj", "{648EE316-A319-42B8-9E11-E0C2573D9490}"
EndProject
Global
	GlobalSection(SolutionConfigurationPlatforms) = preSolution
		CoreOnly|Any CPU = CoreOnly|Any CPU
		Debug|Any CPU = Debug|Any CPU
		Develog|Any CPU = Develog|Any CPU
		iOS|Any CPU = iOS|Any CPU
		Net20|Any CPU = Net20|Any CPU
		Profile|Any CPU = Profile|Any CPU
		Release|Any CPU = Release|Any CPU
		Silverlight2|Any CPU = Silverlight2|Any CPU
		Unity|Any CPU = Unity|Any CPU
	EndGlobalSection
	GlobalSection(ProjectConfigurationPlatforms) = postSolution
		{4495A587-0D89-4382-9CB7-01F0592C9657}.CoreOnly|Any CPU.ActiveCfg = Release|Any CPU
		{4495A587-0D89-4382-9CB7-01F0592C9657}.CoreOnly|Any CPU.Build.0 = Release|Any CPU
		{4495A587-0D89-4382-9CB7-01F0592C9657}.Debug|Any CPU.ActiveCfg = Debug|Any CPU
		{4495A587-0D89-4382-9CB7-01F0592C9657}.Debug|Any CPU.Build.0 = Debug|Any CPU
		{4495A587-0D89-4382-9CB7-01F0592C9657}.Develog|Any CPU.ActiveCfg = Debug|Any CPU
		{4495A587-0D89-4382-9CB7-01F0592C9657}.Develog|Any CPU.Build.0 = Debug|Any CPU
		{4495A587-0D89-4382-9CB7-01F0592C9657}.iOS|Any CPU.ActiveCfg = Release|Any CPU
		{4495A587-0D89-4382-9CB7-01F0592C9657}.iOS|Any CPU.Build.0 = Release|Any CPU
		{4495A587-0D89-4382-9CB7-01F0592C9657}.Net20|Any CPU.ActiveCfg = Release|Any CPU
		{4495A587-0D89-4382-9CB7-01F0592C9657}.Net20|Any CPU.Build.0 = Release|Any CPU
		{4495A587-0D89-4382-9CB7-01F0592C9657}.Profile|Any CPU.ActiveCfg = Release|Any CPU
		{4495A587-0D89-4382-9CB7-01F0592C9657}.Profile|Any CPU.Build.0 = Release|Any CPU
		{4495A587-0D89-4382-9CB7-01F0592C9657}.Release|Any CPU.ActiveCfg = Release|Any CPU
		{4495A587-0D89-4382-9CB7-01F0592C9657}.Release|Any CPU.Build.0 = Release|Any CPU
		{4495A587-0D89-4382-9CB7-01F0592C9657}.Silverlight2|Any CPU.ActiveCfg = Release|Any CPU
		{4495A587-0D89-4382-9CB7-01F0592C9657}.Silverlight2|Any CPU.Build.0 = Release|Any CPU
		{4495A587-0D89-4382-9CB7-01F0592C9657}.Unity|Any CPU.ActiveCfg = Release|Any CPU
		{4495A587-0D89-4382-9CB7-01F0592C9657}.Unity|Any CPU.Build.0 = Release|Any CPU
		{74232002-8D94-4EC4-AD75-84A5B8154345}.CoreOnly|Any CPU.ActiveCfg = Release|Any CPU
		{74232002-8D94-4EC4-AD75-84A5B8154345}.CoreOnly|Any CPU.Build.0 = Release|Any CPU
		{74232002-8D94-4EC4-AD75-84A5B8154345}.Debug|Any CPU.ActiveCfg = Debug|Any CPU
		{74232002-8D94-4EC4-AD75-84A5B8154345}.Debug|Any CPU.Build.0 = Debug|Any CPU
		{74232002-8D94-4EC4-AD75-84A5B8154345}.Develog|Any CPU.ActiveCfg = Debug|Any CPU
		{74232002-8D94-4EC4-AD75-84A5B8154345}.Develog|Any CPU.Build.0 = Debug|Any CPU
		{74232002-8D94-4EC4-AD75-84A5B8154345}.iOS|Any CPU.ActiveCfg = Release|Any CPU
		{74232002-8D94-4EC4-AD75-84A5B8154345}.iOS|Any CPU.Build.0 = Release|Any CPU
		{74232002-8D94-4EC4-AD75-84A5B8154345}.Net20|Any CPU.ActiveCfg = Release|Any CPU
		{74232002-8D94-4EC4-AD75-84A5B8154345}.Net20|Any CPU.Build.0 = Release|Any CPU
		{74232002-8D94-4EC4-AD75-84A5B8154345}.Profile|Any CPU.ActiveCfg = Release|Any CPU
		{74232002-8D94-4EC4-AD75-84A5B8154345}.Profile|Any CPU.Build.0 = Release|Any CPU
		{74232002-8D94-4EC4-AD75-84A5B8154345}.Release|Any CPU.ActiveCfg = Release|Any CPU
		{74232002-8D94-4EC4-AD75-84A5B8154345}.Release|Any CPU.Build.0 = Release|Any CPU
		{74232002-8D94-4EC4-AD75-84A5B8154345}.Silverlight2|Any CPU.ActiveCfg = Release|Any CPU
		{74232002-8D94-4EC4-AD75-84A5B8154345}.Silverlight2|Any CPU.Build.0 = Release|Any CPU
		{74232002-8D94-4EC4-AD75-84A5B8154345}.Unity|Any CPU.ActiveCfg = Release|Any CPU
		{74232002-8D94-4EC4-AD75-84A5B8154345}.Unity|Any CPU.Build.0 = Release|Any CPU
		{E5B1DB54-756C-4CD4-A0B0-AF69CF6733AC}.CoreOnly|Any CPU.ActiveCfg = Release|Any CPU
		{E5B1DB54-756C-4CD4-A0B0-AF69CF6733AC}.CoreOnly|Any CPU.Build.0 = Release|Any CPU
		{E5B1DB54-756C-4CD4-A0B0-AF69CF6733AC}.Debug|Any CPU.ActiveCfg = Debug|Any CPU
		{E5B1DB54-756C-4CD4-A0B0-AF69CF6733AC}.Debug|Any CPU.Build.0 = Debug|Any CPU
		{E5B1DB54-756C-4CD4-A0B0-AF69CF6733AC}.Develog|Any CPU.ActiveCfg = Debug|Any CPU
		{E5B1DB54-756C-4CD4-A0B0-AF69CF6733AC}.Develog|Any CPU.Build.0 = Debug|Any CPU
		{E5B1DB54-756C-4CD4-A0B0-AF69CF6733AC}.iOS|Any CPU.ActiveCfg = Release|Any CPU
		{E5B1DB54-756C-4CD4-A0B0-AF69CF6733AC}.iOS|Any CPU.Build.0 = Release|Any CPU
		{E5B1DB54-756C-4CD4-A0B0-AF69CF6733AC}.Net20|Any CPU.ActiveCfg = Release|Any CPU
		{E5B1DB54-756C-4CD4-A0B0-AF69CF6733AC}.Net20|Any CPU.Build.0 = Release|Any CPU
		{E5B1DB54-756C-4CD4-A0B0-AF69CF6733AC}.Profile|Any CPU.ActiveCfg = Release|Any CPU
		{E5B1DB54-756C-4CD4-A0B0-AF69CF6733AC}.Profile|Any CPU.Build.0 = Release|Any CPU
		{E5B1DB54-756C-4CD4-A0B0-AF69CF6733AC}.Release|Any CPU.ActiveCfg = Release|Any CPU
		{E5B1DB54-756C-4CD4-A0B0-AF69CF6733AC}.Release|Any CPU.Build.0 = Release|Any CPU
		{E5B1DB54-756C-4CD4-A0B0-AF69CF6733AC}.Silverlight2|Any CPU.ActiveCfg = Release|Any CPU
		{E5B1DB54-756C-4CD4-A0B0-AF69CF6733AC}.Silverlight2|Any CPU.Build.0 = Release|Any CPU
		{E5B1DB54-756C-4CD4-A0B0-AF69CF6733AC}.Unity|Any CPU.ActiveCfg = Release|Any CPU
		{E5B1DB54-756C-4CD4-A0B0-AF69CF6733AC}.Unity|Any CPU.Build.0 = Release|Any CPU
		{060C5CC0-B235-4354-B605-1E14E4CD98F5}.CoreOnly|Any CPU.ActiveCfg = Release|Any CPU
		{060C5CC0-B235-4354-B605-1E14E4CD98F5}.CoreOnly|Any CPU.Build.0 = Release|Any CPU
		{060C5CC0-B235-4354-B605-1E14E4CD98F5}.Debug|Any CPU.ActiveCfg = Debug|Any CPU
		{060C5CC0-B235-4354-B605-1E14E4CD98F5}.Debug|Any CPU.Build.0 = Debug|Any CPU
		{060C5CC0-B235-4354-B605-1E14E4CD98F5}.Develog|Any CPU.ActiveCfg = Debug|Any CPU
		{060C5CC0-B235-4354-B605-1E14E4CD98F5}.Develog|Any CPU.Build.0 = Debug|Any CPU
		{060C5CC0-B235-4354-B605-1E14E4CD98F5}.iOS|Any CPU.ActiveCfg = Release|Any CPU
		{060C5CC0-B235-4354-B605-1E14E4CD98F5}.iOS|Any CPU.Build.0 = Release|Any CPU
		{060C5CC0-B235-4354-B605-1E14E4CD98F5}.Net20|Any CPU.ActiveCfg = Release|Any CPU
		{060C5CC0-B235-4354-B605-1E14E4CD98F5}.Net20|Any CPU.Build.0 = Release|Any CPU
		{060C5CC0-B235-4354-B605-1E14E4CD98F5}.Profile|Any CPU.ActiveCfg = Release|Any CPU
		{060C5CC0-B235-4354-B605-1E14E4CD98F5}.Profile|Any CPU.Build.0 = Release|Any CPU
		{060C5CC0-B235-4354-B605-1E14E4CD98F5}.Release|Any CPU.ActiveCfg = Release|Any CPU
		{060C5CC0-B235-4354-B605-1E14E4CD98F5}.Release|Any CPU.Build.0 = Release|Any CPU
		{060C5CC0-B235-4354-B605-1E14E4CD98F5}.Silverlight2|Any CPU.ActiveCfg = Release|Any CPU
		{060C5CC0-B235-4354-B605-1E14E4CD98F5}.Silverlight2|Any CPU.Build.0 = Release|Any CPU
		{060C5CC0-B235-4354-B605-1E14E4CD98F5}.Unity|Any CPU.ActiveCfg = Release|Any CPU
		{060C5CC0-B235-4354-B605-1E14E4CD98F5}.Unity|Any CPU.Build.0 = Release|Any CPU
		{C44E4B43-FBF3-44D0-AE34-6AFD23874499}.CoreOnly|Any CPU.ActiveCfg = Release|Any CPU
		{C44E4B43-FBF3-44D0-AE34-6AFD23874499}.CoreOnly|Any CPU.Build.0 = Release|Any CPU
		{C44E4B43-FBF3-44D0-AE34-6AFD23874499}.Debug|Any CPU.ActiveCfg = Debug|Any CPU
		{C44E4B43-FBF3-44D0-AE34-6AFD23874499}.Debug|Any CPU.Build.0 = Debug|Any CPU
		{C44E4B43-FBF3-44D0-AE34-6AFD23874499}.Develog|Any CPU.ActiveCfg = Debug|Any CPU
		{C44E4B43-FBF3-44D0-AE34-6AFD23874499}.Develog|Any CPU.Build.0 = Debug|Any CPU
		{C44E4B43-FBF3-44D0-AE34-6AFD23874499}.iOS|Any CPU.ActiveCfg = Release|Any CPU
		{C44E4B43-FBF3-44D0-AE34-6AFD23874499}.iOS|Any CPU.Build.0 = Release|Any CPU
		{C44E4B43-FBF3-44D0-AE34-6AFD23874499}.Net20|Any CPU.ActiveCfg = Release|Any CPU
		{C44E4B43-FBF3-44D0-AE34-6AFD23874499}.Net20|Any CPU.Build.0 = Release|Any CPU
		{C44E4B43-FBF3-44D0-AE34-6AFD23874499}.Profile|Any CPU.ActiveCfg = Release|Any CPU
		{C44E4B43-FBF3-44D0-AE34-6AFD23874499}.Profile|Any CPU.Build.0 = Release|Any CPU
		{C44E4B43-FBF3-44D0-AE34-6AFD23874499}.Release|Any CPU.ActiveCfg = Release|Any CPU
		{C44E4B43-FBF3-44D0-AE34-6AFD23874499}.Release|Any CPU.Build.0 = Release|Any CPU
		{C44E4B43-FBF3-44D0-AE34-6AFD23874499}.Silverlight2|Any CPU.ActiveCfg = Release|Any CPU
		{C44E4B43-FBF3-44D0-AE34-6AFD23874499}.Silverlight2|Any CPU.Build.0 = Release|Any CPU
		{C44E4B43-FBF3-44D0-AE34-6AFD23874499}.Unity|Any CPU.ActiveCfg = Release|Any CPU
		{C44E4B43-FBF3-44D0-AE34-6AFD23874499}.Unity|Any CPU.Build.0 = Release|Any CPU
		{8EE470DD-5DC8-470F-A336-85F9855E2434}.CoreOnly|Any CPU.ActiveCfg = Release|Any CPU
		{8EE470DD-5DC8-470F-A336-85F9855E2434}.CoreOnly|Any CPU.Build.0 = Release|Any CPU
		{8EE470DD-5DC8-470F-A336-85F9855E2434}.Debug|Any CPU.ActiveCfg = Debug|Any CPU
		{8EE470DD-5DC8-470F-A336-85F9855E2434}.Debug|Any CPU.Build.0 = Debug|Any CPU
		{8EE470DD-5DC8-470F-A336-85F9855E2434}.Develog|Any CPU.ActiveCfg = Debug|Any CPU
		{8EE470DD-5DC8-470F-A336-85F9855E2434}.Develog|Any CPU.Build.0 = Debug|Any CPU
		{8EE470DD-5DC8-470F-A336-85F9855E2434}.iOS|Any CPU.ActiveCfg = Release|Any CPU
		{8EE470DD-5DC8-470F-A336-85F9855E2434}.iOS|Any CPU.Build.0 = Release|Any CPU
		{8EE470DD-5DC8-470F-A336-85F9855E2434}.Net20|Any CPU.ActiveCfg = Release|Any CPU
		{8EE470DD-5DC8-470F-A336-85F9855E2434}.Net20|Any CPU.Build.0 = Release|Any CPU
		{8EE470DD-5DC8-470F-A336-85F9855E2434}.Profile|Any CPU.ActiveCfg = Release|Any CPU
		{8EE470DD-5DC8-470F-A336-85F9855E2434}.Profile|Any CPU.Build.0 = Release|Any CPU
		{8EE470DD-5DC8-470F-A336-85F9855E2434}.Release|Any CPU.ActiveCfg = Release|Any CPU
		{8EE470DD-5DC8-470F-A336-85F9855E2434}.Release|Any CPU.Build.0 = Release|Any CPU
		{8EE470DD-5DC8-470F-A336-85F9855E2434}.Silverlight2|Any CPU.ActiveCfg = Release|Any CPU
		{8EE470DD-5DC8-470F-A336-85F9855E2434}.Silverlight2|Any CPU.Build.0 = Release|Any CPU
		{8EE470DD-5DC8-470F-A336-85F9855E2434}.Unity|Any CPU.ActiveCfg = Release|Any CPU
		{8EE470DD-5DC8-470F-A336-85F9855E2434}.Unity|Any CPU.Build.0 = Release|Any CPU
		{B58FB7BD-0F2A-4C4D-AE91-FEEFBD970C1B}.CoreOnly|Any CPU.ActiveCfg = Release|Any CPU
		{B58FB7BD-0F2A-4C4D-AE91-FEEFBD970C1B}.CoreOnly|Any CPU.Build.0 = Release|Any CPU
		{B58FB7BD-0F2A-4C4D-AE91-FEEFBD970C1B}.Debug|Any CPU.ActiveCfg = Debug|Any CPU
		{B58FB7BD-0F2A-4C4D-AE91-FEEFBD970C1B}.Debug|Any CPU.Build.0 = Debug|Any CPU
		{B58FB7BD-0F2A-4C4D-AE91-FEEFBD970C1B}.Develog|Any CPU.ActiveCfg = Debug|Any CPU
		{B58FB7BD-0F2A-4C4D-AE91-FEEFBD970C1B}.Develog|Any CPU.Build.0 = Debug|Any CPU
		{B58FB7BD-0F2A-4C4D-AE91-FEEFBD970C1B}.iOS|Any CPU.ActiveCfg = Release|Any CPU
		{B58FB7BD-0F2A-4C4D-AE91-FEEFBD970C1B}.iOS|Any CPU.Build.0 = Release|Any CPU
		{B58FB7BD-0F2A-4C4D-AE91-FEEFBD970C1B}.Net20|Any CPU.ActiveCfg = Release|Any CPU
		{B58FB7BD-0F2A-4C4D-AE91-FEEFBD970C1B}.Net20|Any CPU.Build.0 = Release|Any CPU
		{B58FB7BD-0F2A-4C4D-AE91-FEEFBD970C1B}.Profile|Any CPU.ActiveCfg = Release|Any CPU
		{B58FB7BD-0F2A-4C4D-AE91-FEEFBD970C1B}.Profile|Any CPU.Build.0 = Release|Any CPU
		{B58FB7BD-0F2A-4C4D-AE91-FEEFBD970C1B}.Release|Any CPU.ActiveCfg = Release|Any CPU
		{B58FB7BD-0F2A-4C4D-AE91-FEEFBD970C1B}.Release|Any CPU.Build.0 = Release|Any CPU
		{B58FB7BD-0F2A-4C4D-AE91-FEEFBD970C1B}.Silverlight2|Any CPU.ActiveCfg = Release|Any CPU
		{B58FB7BD-0F2A-4C4D-AE91-FEEFBD970C1B}.Silverlight2|Any CPU.Build.0 = Release|Any CPU
		{B58FB7BD-0F2A-4C4D-AE91-FEEFBD970C1B}.Unity|Any CPU.ActiveCfg = Release|Any CPU
		{B58FB7BD-0F2A-4C4D-AE91-FEEFBD970C1B}.Unity|Any CPU.Build.0 = Release|Any CPU
		{10A10EA0-A36C-4391-A0F1-D6FE30BDA6B7}.CoreOnly|Any CPU.ActiveCfg = Release|Any CPU
		{10A10EA0-A36C-4391-A0F1-D6FE30BDA6B7}.CoreOnly|Any CPU.Build.0 = Release|Any CPU
		{10A10EA0-A36C-4391-A0F1-D6FE30BDA6B7}.Debug|Any CPU.ActiveCfg = Debug|Any CPU
		{10A10EA0-A36C-4391-A0F1-D6FE30BDA6B7}.Debug|Any CPU.Build.0 = Debug|Any CPU
		{10A10EA0-A36C-4391-A0F1-D6FE30BDA6B7}.Develog|Any CPU.ActiveCfg = Debug|Any CPU
		{10A10EA0-A36C-4391-A0F1-D6FE30BDA6B7}.Develog|Any CPU.Build.0 = Debug|Any CPU
		{10A10EA0-A36C-4391-A0F1-D6FE30BDA6B7}.iOS|Any CPU.ActiveCfg = Release|Any CPU
		{10A10EA0-A36C-4391-A0F1-D6FE30BDA6B7}.iOS|Any CPU.Build.0 = Release|Any CPU
		{10A10EA0-A36C-4391-A0F1-D6FE30BDA6B7}.Net20|Any CPU.ActiveCfg = Release|Any CPU
		{10A10EA0-A36C-4391-A0F1-D6FE30BDA6B7}.Net20|Any CPU.Build.0 = Release|Any CPU
		{10A10EA0-A36C-4391-A0F1-D6FE30BDA6B7}.Profile|Any CPU.ActiveCfg = Release|Any CPU
		{10A10EA0-A36C-4391-A0F1-D6FE30BDA6B7}.Profile|Any CPU.Build.0 = Release|Any CPU
		{10A10EA0-A36C-4391-A0F1-D6FE30BDA6B7}.Release|Any CPU.ActiveCfg = Release|Any CPU
		{10A10EA0-A36C-4391-A0F1-D6FE30BDA6B7}.Release|Any CPU.Build.0 = Release|Any CPU
		{10A10EA0-A36C-4391-A0F1-D6FE30BDA6B7}.Silverlight2|Any CPU.ActiveCfg = Release|Any CPU
		{10A10EA0-A36C-4391-A0F1-D6FE30BDA6B7}.Silverlight2|Any CPU.Build.0 = Release|Any CPU
		{10A10EA0-A36C-4391-A0F1-D6FE30BDA6B7}.Unity|Any CPU.ActiveCfg = Release|Any CPU
		{10A10EA0-A36C-4391-A0F1-D6FE30BDA6B7}.Unity|Any CPU.Build.0 = Release|Any CPU
		{1D52FAD8-C7AB-4AA7-A34A-2D27B1BB61FF}.CoreOnly|Any CPU.ActiveCfg = Release|Any CPU
		{1D52FAD8-C7AB-4AA7-A34A-2D27B1BB61FF}.CoreOnly|Any CPU.Build.0 = Release|Any CPU
		{1D52FAD8-C7AB-4AA7-A34A-2D27B1BB61FF}.Debug|Any CPU.ActiveCfg = Debug|Any CPU
		{1D52FAD8-C7AB-4AA7-A34A-2D27B1BB61FF}.Debug|Any CPU.Build.0 = Debug|Any CPU
		{1D52FAD8-C7AB-4AA7-A34A-2D27B1BB61FF}.Develog|Any CPU.ActiveCfg = Debug|Any CPU
		{1D52FAD8-C7AB-4AA7-A34A-2D27B1BB61FF}.Develog|Any CPU.Build.0 = Debug|Any CPU
		{1D52FAD8-C7AB-4AA7-A34A-2D27B1BB61FF}.iOS|Any CPU.ActiveCfg = Release|Any CPU
		{1D52FAD8-C7AB-4AA7-A34A-2D27B1BB61FF}.iOS|Any CPU.Build.0 = Release|Any CPU
		{1D52FAD8-C7AB-4AA7-A34A-2D27B1BB61FF}.Net20|Any CPU.ActiveCfg = Release|Any CPU
		{1D52FAD8-C7AB-4AA7-A34A-2D27B1BB61FF}.Net20|Any CPU.Build.0 = Release|Any CPU
		{1D52FAD8-C7AB-4AA7-A34A-2D27B1BB61FF}.Profile|Any CPU.ActiveCfg = Release|Any CPU
		{1D52FAD8-C7AB-4AA7-A34A-2D27B1BB61FF}.Profile|Any CPU.Build.0 = Release|Any CPU
		{1D52FAD8-C7AB-4AA7-A34A-2D27B1BB61FF}.Release|Any CPU.ActiveCfg = Release|Any CPU
		{1D52FAD8-C7AB-4AA7-A34A-2D27B1BB61FF}.Release|Any CPU.Build.0 = Release|Any CPU
		{1D52FAD8-C7AB-4AA7-A34A-2D27B1BB61FF}.Silverlight2|Any CPU.ActiveCfg = Release|Any CPU
		{1D52FAD8-C7AB-4AA7-A34A-2D27B1BB61FF}.Silverlight2|Any CPU.Build.0 = Release|Any CPU
		{1D52FAD8-C7AB-4AA7-A34A-2D27B1BB61FF}.Unity|Any CPU.ActiveCfg = Release|Any CPU
		{1D52FAD8-C7AB-4AA7-A34A-2D27B1BB61FF}.Unity|Any CPU.Build.0 = Release|Any CPU
		{8CE9183C-AD8A-48B5-9151-1BD665CFC06F}.CoreOnly|Any CPU.ActiveCfg = Release|Any CPU
		{8CE9183C-AD8A-48B5-9151-1BD665CFC06F}.CoreOnly|Any CPU.Build.0 = Release|Any CPU
		{8CE9183C-AD8A-48B5-9151-1BD665CFC06F}.Debug|Any CPU.ActiveCfg = Debug|Any CPU
		{8CE9183C-AD8A-48B5-9151-1BD665CFC06F}.Debug|Any CPU.Build.0 = Debug|Any CPU
		{8CE9183C-AD8A-48B5-9151-1BD665CFC06F}.Develog|Any CPU.ActiveCfg = Debug|Any CPU
		{8CE9183C-AD8A-48B5-9151-1BD665CFC06F}.Develog|Any CPU.Build.0 = Debug|Any CPU
		{8CE9183C-AD8A-48B5-9151-1BD665CFC06F}.iOS|Any CPU.ActiveCfg = Release|Any CPU
		{8CE9183C-AD8A-48B5-9151-1BD665CFC06F}.iOS|Any CPU.Build.0 = Release|Any CPU
		{8CE9183C-AD8A-48B5-9151-1BD665CFC06F}.Net20|Any CPU.ActiveCfg = Release|Any CPU
		{8CE9183C-AD8A-48B5-9151-1BD665CFC06F}.Net20|Any CPU.Build.0 = Release|Any CPU
		{8CE9183C-AD8A-48B5-9151-1BD665CFC06F}.Profile|Any CPU.ActiveCfg = Release|Any CPU
		{8CE9183C-AD8A-48B5-9151-1BD665CFC06F}.Profile|Any CPU.Build.0 = Release|Any CPU
		{8CE9183C-AD8A-48B5-9151-1BD665CFC06F}.Release|Any CPU.ActiveCfg = Release|Any CPU
		{8CE9183C-AD8A-48B5-9151-1BD665CFC06F}.Release|Any CPU.Build.0 = Release|Any CPU
		{8CE9183C-AD8A-48B5-9151-1BD665CFC06F}.Silverlight2|Any CPU.ActiveCfg = Release|Any CPU
		{8CE9183C-AD8A-48B5-9151-1BD665CFC06F}.Silverlight2|Any CPU.Build.0 = Release|Any CPU
		{8CE9183C-AD8A-48B5-9151-1BD665CFC06F}.Unity|Any CPU.ActiveCfg = Release|Any CPU
		{8CE9183C-AD8A-48B5-9151-1BD665CFC06F}.Unity|Any CPU.Build.0 = Release|Any CPU
		{CF329584-9B32-4B29-A1B8-50005E78A532}.CoreOnly|Any CPU.ActiveCfg = Release|Any CPU
		{CF329584-9B32-4B29-A1B8-50005E78A532}.CoreOnly|Any CPU.Build.0 = Release|Any CPU
		{CF329584-9B32-4B29-A1B8-50005E78A532}.Debug|Any CPU.ActiveCfg = Debug|Any CPU
		{CF329584-9B32-4B29-A1B8-50005E78A532}.Debug|Any CPU.Build.0 = Debug|Any CPU
		{CF329584-9B32-4B29-A1B8-50005E78A532}.Develog|Any CPU.ActiveCfg = Debug|Any CPU
		{CF329584-9B32-4B29-A1B8-50005E78A532}.Develog|Any CPU.Build.0 = Debug|Any CPU
		{CF329584-9B32-4B29-A1B8-50005E78A532}.iOS|Any CPU.ActiveCfg = Release|Any CPU
		{CF329584-9B32-4B29-A1B8-50005E78A532}.iOS|Any CPU.Build.0 = Release|Any CPU
		{CF329584-9B32-4B29-A1B8-50005E78A532}.Net20|Any CPU.ActiveCfg = Release|Any CPU
		{CF329584-9B32-4B29-A1B8-50005E78A532}.Net20|Any CPU.Build.0 = Release|Any CPU
		{CF329584-9B32-4B29-A1B8-50005E78A532}.Profile|Any CPU.ActiveCfg = Release|Any CPU
		{CF329584-9B32-4B29-A1B8-50005E78A532}.Profile|Any CPU.Build.0 = Release|Any CPU
		{CF329584-9B32-4B29-A1B8-50005E78A532}.Release|Any CPU.ActiveCfg = Release|Any CPU
		{CF329584-9B32-4B29-A1B8-50005E78A532}.Release|Any CPU.Build.0 = Release|Any CPU
		{CF329584-9B32-4B29-A1B8-50005E78A532}.Silverlight2|Any CPU.ActiveCfg = Release|Any CPU
		{CF329584-9B32-4B29-A1B8-50005E78A532}.Silverlight2|Any CPU.Build.0 = Release|Any CPU
		{CF329584-9B32-4B29-A1B8-50005E78A532}.Unity|Any CPU.ActiveCfg = Release|Any CPU
		{CF329584-9B32-4B29-A1B8-50005E78A532}.Unity|Any CPU.Build.0 = Release|Any CPU
		{AF9196A6-EB6C-401F-AB09-7940F77B69B8}.CoreOnly|Any CPU.ActiveCfg = Release|Any CPU
		{AF9196A6-EB6C-401F-AB09-7940F77B69B8}.CoreOnly|Any CPU.Build.0 = Release|Any CPU
		{AF9196A6-EB6C-401F-AB09-7940F77B69B8}.Debug|Any CPU.ActiveCfg = Debug|Any CPU
		{AF9196A6-EB6C-401F-AB09-7940F77B69B8}.Debug|Any CPU.Build.0 = Debug|Any CPU
		{AF9196A6-EB6C-401F-AB09-7940F77B69B8}.Develog|Any CPU.ActiveCfg = Debug|Any CPU
		{AF9196A6-EB6C-401F-AB09-7940F77B69B8}.Develog|Any CPU.Build.0 = Debug|Any CPU
		{AF9196A6-EB6C-401F-AB09-7940F77B69B8}.iOS|Any CPU.ActiveCfg = Release|Any CPU
		{AF9196A6-EB6C-401F-AB09-7940F77B69B8}.iOS|Any CPU.Build.0 = Release|Any CPU
		{AF9196A6-EB6C-401F-AB09-7940F77B69B8}.Net20|Any CPU.ActiveCfg = Release|Any CPU
		{AF9196A6-EB6C-401F-AB09-7940F77B69B8}.Net20|Any CPU.Build.0 = Release|Any CPU
		{AF9196A6-EB6C-401F-AB09-7940F77B69B8}.Profile|Any CPU.ActiveCfg = Release|Any CPU
		{AF9196A6-EB6C-401F-AB09-7940F77B69B8}.Profile|Any CPU.Build.0 = Release|Any CPU
		{AF9196A6-EB6C-401F-AB09-7940F77B69B8}.Release|Any CPU.ActiveCfg = Release|Any CPU
		{AF9196A6-EB6C-401F-AB09-7940F77B69B8}.Release|Any CPU.Build.0 = Release|Any CPU
		{AF9196A6-EB6C-401F-AB09-7940F77B69B8}.Silverlight2|Any CPU.ActiveCfg = Release|Any CPU
		{AF9196A6-EB6C-401F-AB09-7940F77B69B8}.Silverlight2|Any CPU.Build.0 = Release|Any CPU
		{AF9196A6-EB6C-401F-AB09-7940F77B69B8}.Unity|Any CPU.ActiveCfg = Release|Any CPU
		{AF9196A6-EB6C-401F-AB09-7940F77B69B8}.Unity|Any CPU.Build.0 = Release|Any CPU
		{C3B2B4F5-D7CF-4B66-A094-2F8DB20277AB}.CoreOnly|Any CPU.ActiveCfg = Release|Any CPU
		{C3B2B4F5-D7CF-4B66-A094-2F8DB20277AB}.CoreOnly|Any CPU.Build.0 = Release|Any CPU
		{C3B2B4F5-D7CF-4B66-A094-2F8DB20277AB}.Debug|Any CPU.ActiveCfg = Debug|Any CPU
		{C3B2B4F5-D7CF-4B66-A094-2F8DB20277AB}.Debug|Any CPU.Build.0 = Debug|Any CPU
		{C3B2B4F5-D7CF-4B66-A094-2F8DB20277AB}.Develog|Any CPU.ActiveCfg = Debug|Any CPU
		{C3B2B4F5-D7CF-4B66-A094-2F8DB20277AB}.Develog|Any CPU.Build.0 = Debug|Any CPU
		{C3B2B4F5-D7CF-4B66-A094-2F8DB20277AB}.iOS|Any CPU.ActiveCfg = Release|Any CPU
		{C3B2B4F5-D7CF-4B66-A094-2F8DB20277AB}.iOS|Any CPU.Build.0 = Release|Any CPU
		{C3B2B4F5-D7CF-4B66-A094-2F8DB20277AB}.Net20|Any CPU.ActiveCfg = Release|Any CPU
		{C3B2B4F5-D7CF-4B66-A094-2F8DB20277AB}.Net20|Any CPU.Build.0 = Release|Any CPU
		{C3B2B4F5-D7CF-4B66-A094-2F8DB20277AB}.Profile|Any CPU.ActiveCfg = Release|Any CPU
		{C3B2B4F5-D7CF-4B66-A094-2F8DB20277AB}.Profile|Any CPU.Build.0 = Release|Any CPU
		{C3B2B4F5-D7CF-4B66-A094-2F8DB20277AB}.Release|Any CPU.ActiveCfg = Release|Any CPU
		{C3B2B4F5-D7CF-4B66-A094-2F8DB20277AB}.Release|Any CPU.Build.0 = Release|Any CPU
		{C3B2B4F5-D7CF-4B66-A094-2F8DB20277AB}.Silverlight2|Any CPU.ActiveCfg = Release|Any CPU
		{C3B2B4F5-D7CF-4B66-A094-2F8DB20277AB}.Silverlight2|Any CPU.Build.0 = Release|Any CPU
		{C3B2B4F5-D7CF-4B66-A094-2F8DB20277AB}.Unity|Any CPU.ActiveCfg = Release|Any CPU
		{C3B2B4F5-D7CF-4B66-A094-2F8DB20277AB}.Unity|Any CPU.Build.0 = Release|Any CPU
		{283C78F8-2861-4C40-96E0-3B7D4A8082F0}.CoreOnly|Any CPU.ActiveCfg = Release|Any CPU
		{283C78F8-2861-4C40-96E0-3B7D4A8082F0}.CoreOnly|Any CPU.Build.0 = Release|Any CPU
		{283C78F8-2861-4C40-96E0-3B7D4A8082F0}.Debug|Any CPU.ActiveCfg = Debug|Any CPU
		{283C78F8-2861-4C40-96E0-3B7D4A8082F0}.Debug|Any CPU.Build.0 = Debug|Any CPU
		{283C78F8-2861-4C40-96E0-3B7D4A8082F0}.Develog|Any CPU.ActiveCfg = Debug|Any CPU
		{283C78F8-2861-4C40-96E0-3B7D4A8082F0}.Develog|Any CPU.Build.0 = Debug|Any CPU
		{283C78F8-2861-4C40-96E0-3B7D4A8082F0}.iOS|Any CPU.ActiveCfg = Release|Any CPU
		{283C78F8-2861-4C40-96E0-3B7D4A8082F0}.iOS|Any CPU.Build.0 = Release|Any CPU
		{283C78F8-2861-4C40-96E0-3B7D4A8082F0}.Net20|Any CPU.ActiveCfg = Release|Any CPU
		{283C78F8-2861-4C40-96E0-3B7D4A8082F0}.Net20|Any CPU.Build.0 = Release|Any CPU
		{283C78F8-2861-4C40-96E0-3B7D4A8082F0}.Profile|Any CPU.ActiveCfg = Release|Any CPU
		{283C78F8-2861-4C40-96E0-3B7D4A8082F0}.Profile|Any CPU.Build.0 = Release|Any CPU
		{283C78F8-2861-4C40-96E0-3B7D4A8082F0}.Release|Any CPU.ActiveCfg = Release|Any CPU
		{283C78F8-2861-4C40-96E0-3B7D4A8082F0}.Release|Any CPU.Build.0 = Release|Any CPU
		{283C78F8-2861-4C40-96E0-3B7D4A8082F0}.Silverlight2|Any CPU.ActiveCfg = Release|Any CPU
		{283C78F8-2861-4C40-96E0-3B7D4A8082F0}.Silverlight2|Any CPU.Build.0 = Release|Any CPU
		{283C78F8-2861-4C40-96E0-3B7D4A8082F0}.Unity|Any CPU.ActiveCfg = Release|Any CPU
		{283C78F8-2861-4C40-96E0-3B7D4A8082F0}.Unity|Any CPU.Build.0 = Release|Any CPU
		{5FFE844E-4674-4A69-9F18-2122C5C27BC8}.CoreOnly|Any CPU.ActiveCfg = Release|Any CPU
		{5FFE844E-4674-4A69-9F18-2122C5C27BC8}.CoreOnly|Any CPU.Build.0 = Release|Any CPU
		{5FFE844E-4674-4A69-9F18-2122C5C27BC8}.Debug|Any CPU.ActiveCfg = Debug|Any CPU
		{5FFE844E-4674-4A69-9F18-2122C5C27BC8}.Debug|Any CPU.Build.0 = Debug|Any CPU
		{5FFE844E-4674-4A69-9F18-2122C5C27BC8}.Develog|Any CPU.ActiveCfg = Debug|Any CPU
		{5FFE844E-4674-4A69-9F18-2122C5C27BC8}.Develog|Any CPU.Build.0 = Debug|Any CPU
		{5FFE844E-4674-4A69-9F18-2122C5C27BC8}.iOS|Any CPU.ActiveCfg = Release|Any CPU
		{5FFE844E-4674-4A69-9F18-2122C5C27BC8}.iOS|Any CPU.Build.0 = Release|Any CPU
		{5FFE844E-4674-4A69-9F18-2122C5C27BC8}.Net20|Any CPU.ActiveCfg = Release|Any CPU
		{5FFE844E-4674-4A69-9F18-2122C5C27BC8}.Net20|Any CPU.Build.0 = Release|Any CPU
		{5FFE844E-4674-4A69-9F18-2122C5C27BC8}.Profile|Any CPU.ActiveCfg = Release|Any CPU
		{5FFE844E-4674-4A69-9F18-2122C5C27BC8}.Profile|Any CPU.Build.0 = Release|Any CPU
		{5FFE844E-4674-4A69-9F18-2122C5C27BC8}.Release|Any CPU.ActiveCfg = Release|Any CPU
		{5FFE844E-4674-4A69-9F18-2122C5C27BC8}.Release|Any CPU.Build.0 = Release|Any CPU
		{5FFE844E-4674-4A69-9F18-2122C5C27BC8}.Silverlight2|Any CPU.ActiveCfg = Release|Any CPU
		{5FFE844E-4674-4A69-9F18-2122C5C27BC8}.Silverlight2|Any CPU.Build.0 = Release|Any CPU
		{5FFE844E-4674-4A69-9F18-2122C5C27BC8}.Unity|Any CPU.ActiveCfg = Release|Any CPU
		{5FFE844E-4674-4A69-9F18-2122C5C27BC8}.Unity|Any CPU.Build.0 = Release|Any CPU
		{648EE316-A319-42B8-9E11-E0C2573D9490}.CoreOnly|Any CPU.ActiveCfg = Release|Any CPU
		{648EE316-A319-42B8-9E11-E0C2573D9490}.CoreOnly|Any CPU.Build.0 = Release|Any CPU
		{648EE316-A319-42B8-9E11-E0C2573D9490}.Debug|Any CPU.ActiveCfg = Debug|Any CPU
		{648EE316-A319-42B8-9E11-E0C2573D9490}.Debug|Any CPU.Build.0 = Debug|Any CPU
		{648EE316-A319-42B8-9E11-E0C2573D9490}.Develog|Any CPU.ActiveCfg = Debug|Any CPU
		{648EE316-A319-42B8-9E11-E0C2573D9490}.Develog|Any CPU.Build.0 = Debug|Any CPU
		{648EE316-A319-42B8-9E11-E0C2573D9490}.iOS|Any CPU.ActiveCfg = Release|Any CPU
		{648EE316-A319-42B8-9E11-E0C2573D9490}.iOS|Any CPU.Build.0 = Release|Any CPU
		{648EE316-A319-42B8-9E11-E0C2573D9490}.Net20|Any CPU.ActiveCfg = Release|Any CPU
		{648EE316-A319-42B8-9E11-E0C2573D9490}.Net20|Any CPU.Build.0 = Release|Any CPU
		{648EE316-A319-42B8-9E11-E0C2573D9490}.Profile|Any CPU.ActiveCfg = Release|Any CPU
		{648EE316-A319-42B8-9E11-E0C2573D9490}.Profile|Any CPU.Build.0 = Release|Any CPU
		{648EE316-A319-42B8-9E11-E0C2573D9490}.Release|Any CPU.ActiveCfg = Release|Any CPU
		{648EE316-A319-42B8-9E11-E0C2573D9490}.Release|Any CPU.Build.0 = Release|Any CPU
		{648EE316-A319-42B8-9E11-E0C2573D9490}.Silverlight2|Any CPU.ActiveCfg = Release|Any CPU
		{648EE316-A319-42B8-9E11-E0C2573D9490}.Silverlight2|Any CPU.Build.0 = Release|Any CPU
		{648EE316-A319-42B8-9E11-E0C2573D9490}.Unity|Any CPU.ActiveCfg = Release|Any CPU
		{648EE316-A319-42B8-9E11-E0C2573D9490}.Unity|Any CPU.Build.0 = Release|Any CPU
	EndGlobalSection
	GlobalSection(SolutionProperties) = preSolution
		HideSolutionNode = FALSE
	EndGlobalSection
	GlobalSection(NestedProjects) = preSolution
		{C44E4B43-FBF3-44D0-AE34-6AFD23874499} = {C4758B3A-0BBE-4B80-9990-CFCA3127B5ED}
		{8EE470DD-5DC8-470F-A336-85F9855E2434} = {02A0775F-7A10-4E41-89B4-4CB437EE44B5}
		{B58FB7BD-0F2A-4C4D-AE91-FEEFBD970C1B} = {02A0775F-7A10-4E41-89B4-4CB437EE44B5}
		{7B9471C6-F71A-4FF9-A7E0-57CF83A504AF} = {02A0775F-7A10-4E41-89B4-4CB437EE44B5}
		{10A10EA0-A36C-4391-A0F1-D6FE30BDA6B7} = {C4758B3A-0BBE-4B80-9990-CFCA3127B5ED}
		{1D52FAD8-C7AB-4AA7-A34A-2D27B1BB61FF} = {800C5C1E-AED4-4756-8237-CB54221F6B63}
		{CF329584-9B32-4B29-A1B8-50005E78A532} = {800C5C1E-AED4-4756-8237-CB54221F6B63}
		{283C78F8-2861-4C40-96E0-3B7D4A8082F0} = {0827F7D4-9DDE-4BBE-B4CB-19EBA35A3046}
		{5FFE844E-4674-4A69-9F18-2122C5C27BC8} = {0827F7D4-9DDE-4BBE-B4CB-19EBA35A3046}
	EndGlobalSection
EndGlobal
